
Microsoft Visual Studio Solution File, Format Version 12.00
# Visual Studio Version 16
VisualStudioVersion = 16.0.31205.134
MinimumVisualStudioVersion = 10.0.40219.1
Project("{FAE04EC0-301F-11D3-BF4B-00C04F79EFBC}") = "Dynamic vs var", "Dynamic vs var.csproj", "{F27F3EB0-C368-4CBF-9684-370DD0AE811C}"
EndProject
Global
	GlobalSection(SolutionConfigurationPlatforms) = preSolution
		Debug|Any CPU = Debug|Any CPU
		Release|Any CPU = Release|Any CPU
	EndGlobalSection
	GlobalSection(ProjectConfigurationPlatforms) = postSolution
		{F27F3EB0-C368-4CBF-9684-370DD0AE811C}.Debug|Any CPU.ActiveCfg = Debug|Any CPU
		{F27F3EB0-C368-4CBF-9684-370DD0AE811C}.Debug|Any CPU.Build.0 = Debug|Any CPU
		{F27F3EB0-C368-4CBF-9684-370DD0AE811C}.Release|Any CPU.ActiveCfg = Release|Any CPU
		{F27F3EB0-C368-4CBF-9684-370DD0AE811C}.Release|Any CPU.Build.0 = Release|Any CPU
	EndGlobalSection
	GlobalSection(SolutionProperties) = preSolution
		HideSolutionNode = FALSE
	EndGlobalSection
	GlobalSection(ExtensibilityGlobals) = postSolution
		SolutionGuid = {38ED09B5-47A3-471B-B1E4-BDCFA5EFA5FB}
	EndGlobalSection
EndGlobal
